Microsoft Visual Studio Solution File, Format Version 12.00
# Visual Studio Version 17
VisualStudioVersion = 17.12.35527.113
MinimumVisualStudioVersion = 10.0.40219.1
Project("{FAE04EC0-301F-11D3-BF4B-00C04F79EFBC}") = "Ygglink.AppHost", "Ygglink.AppHost\Ygglink.AppHost.csproj", "{3F666CF8-4997-4D3B-A320-28F51A9C0984}"
EndProject
Project("{FAE04EC0-301F-11D3-BF4B-00C04F79EFBC}") = "Ygglink.ServiceDefaults", "Ygglink.ServiceDefaults\Ygglink.ServiceDefaults.csproj", "{4DA64CC5-411B-483E-B058-AFE27B38A5F1}"
EndProject
Project("{FAE04EC0-301F-11D3-BF4B-00C04F79EFBC}") = "Ygglink.Tests", "Ygglink.Tests\Ygglink.Tests.csproj", "{4385FD0B-ECDC-4FD4-BBBC-98D3B655CC30}"
EndProject
Project("{FAE04EC0-301F-11D3-BF4B-00C04F79EFBC}") = "Ygglink.Gateway", "Ygglink.Gateway\Ygglink.Gateway.csproj", "{DEE3C9CA-5E25-415B-A350-73401F75F328}"
EndProject
Project("{FAE04EC0-301F-11D3-BF4B-00C04F79EFBC}") = "Ygglink.IdentityApi", "Ygglink.IdentityApi\Ygglink.IdentityApi.csproj", "{E0A5B72A-F351-4D66-BFE0-C5798A64A1EE}"
EndProject
Global
	GlobalSection(SolutionConfigurationPlatforms) = preSolution
		Debug|Any CPU = Debug|Any CPU
		Release|Any CPU = Release|Any CPU
	EndGlobalSection
	GlobalSection(ProjectConfigurationPlatforms) = postSolution
		{3F666CF8-4997-4D3B-A320-28F51A9C0984}.Debug|Any CPU.ActiveCfg = Debug|Any CPU
		{3F666CF8-4997-4D3B-A320-28F51A9C0984}.Debug|Any CPU.Build.0 = Debug|Any CPU
		{3F666CF8-4997-4D3B-A320-28F51A9C0984}.Release|Any CPU.ActiveCfg = Release|Any CPU
		{3F666CF8-4997-4D3B-A320-28F51A9C0984}.Release|Any CPU.Build.0 = Release|Any CPU
		{4DA64CC5-411B-483E-B058-AFE27B38A5F1}.Debug|Any CPU.ActiveCfg = Debug|Any CPU
		{4DA64CC5-411B-483E-B058-AFE27B38A5F1}.Debug|Any CPU.Build.0 = Debug|Any CPU
		{4DA64CC5-411B-483E-B058-AFE27B38A5F1}.Release|Any CPU.ActiveCfg = Release|Any CPU
		{4DA64CC5-411B-483E-B058-AFE27B38A5F1}.Release|Any CPU.Build.0 = Release|Any CPU
		{4385FD0B-ECDC-4FD4-BBBC-98D3B655CC30}.Debug|Any CPU.ActiveCfg = Debug|Any CPU
		{4385FD0B-ECDC-4FD4-BBBC-98D3B655CC30}.Debug|Any CPU.Build.0 = Debug|Any CPU
		{4385FD0B-ECDC-4FD4-BBBC-98D3B655CC30}.Release|Any CPU.ActiveCfg = Release|Any CPU
		{4385FD0B-ECDC-4FD4-BBBC-98D3B655CC30}.Release|Any CPU.Build.0 = Release|Any CPU
		{DEE3C9CA-5E25-415B-A350-73401F75F328}.Debug|Any CPU.ActiveCfg = Debug|Any CPU
		{DEE3C9CA-5E25-415B-A350-73401F75F328}.Debug|Any CPU.Build.0 = Debug|Any CPU
		{DEE3C9CA-5E25-415B-A350-73401F75F328}.Release|Any CPU.ActiveCfg = Release|Any CPU
		{DEE3C9CA-5E25-415B-A350-73401F75F328}.Release|Any CPU.Build.0 = Release|Any CPU
		{E0A5B72A-F351-4D66-BFE0-C5798A64A1EE}.Debug|Any CPU.ActiveCfg = Debug|Any CPU
		{E0A5B72A-F351-4D66-BFE0-C5798A64A1EE}.Debug|Any CPU.Build.0 = Debug|Any CPU
		{E0A5B72A-F351-4D66-BFE0-C5798A64A1EE}.Release|Any CPU.ActiveCfg = Release|Any CPU
		{E0A5B72A-F351-4D66-BFE0-C5798A64A1EE}.Release|Any CPU.Build.0 = Release|Any CPU
	EndGlobalSection
	GlobalSection(SolutionProperties) = preSolution
		HideSolutionNode = FALSE
	EndGlobalSection
EndGlobal
